{
  "nodes": {
    "nixpkgs": {
      "locked": {
        "lastModified": 1734371646,
        "narHash": "sha256-8Dii97+L4Ggwm1cAe2mOHnfmyUjgU6n04kMcEmRkNRs=",
        "owner": "nixos",
        "repo": "nixpkgs",
        "rev": "4e6216eb26f865555d596d9e7e5e3e497667c0cd",
        "type": "github"
      },
      "original": {
        "owner": "nixos",
        "ref": "release-24.11",
        "repo": "nixpkgs",
        "type": "github"
      }
    },
    "root": {
      "inputs": {
        "nixpkgs": "nixpkgs"
      }
    }
  },
  "root": "root",
  "version": 7
}
